
Microsoft Visual Studio Solution File, Format Version 12.00
# Visual Studio Version 17
VisualStudioVersion = 17.0.31903.59
MinimumVisualStudioVersion = 10.0.40219.1
Project("{2150E333-8FDC-42A3-9474-1A3956D46DE8}") = "src", "src", "{827E0CD3-B72D-47B6-A68D-7590B98EB39B}"
EndProject
Project("{FAE04EC0-301F-11D3-BF4B-00C04F79EFBC}") = "SagaPoc.Orquestrador", "src\SagaPoc.Orquestrador\SagaPoc.Orquestrador.csproj", "{50855FCA-7A55-4D5E-A944-7E71B8BE9039}"
EndProject
Project("{FAE04EC0-301F-11D3-BF4B-00C04F79EFBC}") = "SagaPoc.ServicoPagamento", "src\SagaPoc.ServicoPagamento\SagaPoc.ServicoPagamento.csproj", "{F2D3872F-2D20-4D67-84B6-735DB0037773}"
EndProject
Project("{FAE04EC0-301F-11D3-BF4B-00C04F79EFBC}") = "SagaPoc.ServicoNotificacao", "src\SagaPoc.ServicoNotificacao\SagaPoc.ServicoNotificacao.csproj", "{268E681C-B5D9-43B4-93C1-2A802FEE898D}"
EndProject
Project("{FAE04EC0-301F-11D3-BF4B-00C04F79EFBC}") = "SagaPoc.Api", "src\SagaPoc.Api\SagaPoc.Api.csproj", "{27705377-698D-4E08-80C4-754ABCD2BE2F}"
EndProject
Project("{FAE04EC0-301F-11D3-BF4B-00C04F79EFBC}") = "SagaPoc.ServicoRestaurante", "src\SagaPoc.ServicoRestaurante\SagaPoc.ServicoRestaurante.csproj", "{84489B50-75E3-4C4E-A99A-51CBC1807A77}"
EndProject
Project("{FAE04EC0-301F-11D3-BF4B-00C04F79EFBC}") = "SagaPoc.ServicoEntregador", "src\SagaPoc.ServicoEntregador\SagaPoc.ServicoEntregador.csproj", "{7E48CC3C-C271-4CA3-945E-6E2EFBC5689A}"
EndProject
Project("{2150E333-8FDC-42A3-9474-1A3956D46DE8}") = "SagaPoc.ServicoFluxoCaixa", "SagaPoc.ServicoFluxoCaixa", "{31F9BEC0-E840-4804-B081-10DF922839EA}"
EndProject
Project("{FAE04EC0-301F-11D3-BF4B-00C04F79EFBC}") = "SagaPoc.FluxoCaixa.Api", "src\SagaPoc.ServicoFluxoCaixa\SagaPoc.FluxoCaixa.Api\SagaPoc.FluxoCaixa.Api.csproj", "{3298432A-331F-4CE1-AB22-DF7578BFC32B}"
EndProject
Project("{FAE04EC0-301F-11D3-BF4B-00C04F79EFBC}") = "SagaPoc.FluxoCaixa.Domain", "src\SagaPoc.ServicoFluxoCaixa\SagaPoc.FluxoCaixa.Domain\SagaPoc.FluxoCaixa.Domain.csproj", "{27712A5C-4179-4C6F-881A-1511791E67F1}"
EndProject
Project("{FAE04EC0-301F-11D3-BF4B-00C04F79EFBC}") = "SagaPoc.FluxoCaixa.Infrastructure", "src\SagaPoc.ServicoFluxoCaixa\SagaPoc.FluxoCaixa.Infrastructure\SagaPoc.FluxoCaixa.Infrastructure.csproj", "{6298F238-FECC-4053-9279-FA5241A20826}"
EndProject
Project("{FAE04EC0-301F-11D3-BF4B-00C04F79EFBC}") = "SagaPoc.FluxoCaixa.Lancamentos", "src\SagaPoc.ServicoFluxoCaixa\SagaPoc.FluxoCaixa.Lancamentos\SagaPoc.FluxoCaixa.Lancamentos.csproj", "{12A32AB7-9FA8-4EA7-A726-DB6312861736}"
EndProject
Project("{FAE04EC0-301F-11D3-BF4B-00C04F79EFBC}") = "SagaPoc.FluxoCaixa.Consolidado", "src\SagaPoc.ServicoFluxoCaixa\SagaPoc.FluxoCaixa.Consolidado\SagaPoc.FluxoCaixa.Consolidado.csproj", "{7A5198CA-FC18-4219-B207-5A099F9E6797}"
EndProject
Project("{2150E333-8FDC-42A3-9474-1A3956D46DE8}") = "BuildingBlocks", "BuildingBlocks", "{02EA681E-C7D8-13C7-8484-4AC65E1B71E8}"
EndProject
Project("{FAE04EC0-301F-11D3-BF4B-00C04F79EFBC}") = "SagaPoc.Infrastructure", "src\BuildingBlocks\SagaPoc.Infrastructure\SagaPoc.Infrastructure.csproj", "{3567C535-638F-4874-97D0-A9A126FC0A3C}"
EndProject
Project("{FAE04EC0-301F-11D3-BF4B-00C04F79EFBC}") = "SagaPoc.Infrastructure.Core", "src\BuildingBlocks\SagaPoc.Infrastructure.Core\SagaPoc.Infrastructure.Core.csproj", "{E174EFAF-DB67-45F0-8C5A-3FF539E26574}"
EndProject
Project("{FAE04EC0-301F-11D3-BF4B-00C04F79EFBC}") = "WebHost", "src\BuildingBlocks\WebHost\WebHost.csproj", "{D5A148E8-AB74-DD01-6A6A-00217804AE18}"
EndProject
Project("{FAE04EC0-301F-11D3-BF4B-00C04F79EFBC}") = "SagaPoc.Common", "src\BuildingBlocks\SagaPoc.Common\SagaPoc.Common.csproj", "{B9844506-D26B-C65D-C537-9B9F6C9F9CC4}"
EndProject
Project("{FAE04EC0-301F-11D3-BF4B-00C04F79EFBC}") = "SagaPoc.Observability", "src\BuildingBlocks\SagaPoc.Observability\SagaPoc.Observability.csproj", "{C1587AA7-5DC6-FFBB-3BD5-5D09FAE1C446}"
EndProject
Global
	GlobalSection(SolutionConfigurationPlatforms) = preSolution
		Debug|Any CPU = Debug|Any CPU
		Debug|x64 = Debug|x64
		Debug|x86 = Debug|x86
		Release|Any CPU = Release|Any CPU
		Release|x64 = Release|x64
		Release|x86 = Release|x86
	EndGlobalSection
	GlobalSection(ProjectConfigurationPlatforms) = postSolution
		{50855FCA-7A55-4D5E-A944-7E71B8BE9039}.Debug|Any CPU.ActiveCfg = Debug|Any CPU
		{50855FCA-7A55-4D5E-A944-7E71B8BE9039}.Debug|Any CPU.Build.0 = Debug|Any CPU
		{50855FCA-7A55-4D5E-A944-7E71B8BE9039}.Debug|x64.ActiveCfg = Debug|Any CPU
		{50855FCA-7A55-4D5E-A944-7E71B8BE9039}.Debug|x64.Build.0 = Debug|Any CPU
		{50855FCA-7A55-4D5E-A944-7E71B8BE9039}.Debug|x86.ActiveCfg = Debug|Any CPU
		{50855FCA-7A55-4D5E-A944-7E71B8BE9039}.Debug|x86.Build.0 = Debug|Any CPU
		{50855FCA-7A55-4D5E-A944-7E71B8BE9039}.Release|Any CPU.ActiveCfg = Release|Any CPU
		{50855FCA-7A55-4D5E-A944-7E71B8BE9039}.Release|Any CPU.Build.0 = Release|Any CPU
		{50855FCA-7A55-4D5E-A944-7E71B8BE9039}.Release|x64.ActiveCfg = Release|Any CPU
		{50855FCA-7A55-4D5E-A944-7E71B8BE9039}.Release|x64.Build.0 = Release|Any CPU
		{50855FCA-7A55-4D5E-A944-7E71B8BE9039}.Release|x86.ActiveCfg = Release|Any CPU
		{50855FCA-7A55-4D5E-A944-7E71B8BE9039}.Release|x86.Build.0 = Release|Any CPU
		{F2D3872F-2D20-4D67-84B6-735DB0037773}.Debug|Any CPU.ActiveCfg = Debug|Any CPU
		{F2D3872F-2D20-4D67-84B6-735DB0037773}.Debug|Any CPU.Build.0 = Debug|Any CPU
		{F2D3872F-2D20-4D67-84B6-735DB0037773}.Debug|x64.ActiveCfg = Debug|Any CPU
		{F2D3872F-2D20-4D67-84B6-735DB0037773}.Debug|x64.Build.0 = Debug|Any CPU
		{F2D3872F-2D20-4D67-84B6-735DB0037773}.Debug|x86.ActiveCfg = Debug|Any CPU
		{F2D3872F-2D20-4D67-84B6-735DB0037773}.Debug|x86.Build.0 = Debug|Any CPU
		{F2D3872F-2D20-4D67-84B6-735DB0037773}.Release|Any CPU.ActiveCfg = Release|Any CPU
		{F2D3872F-2D20-4D67-84B6-735DB0037773}.Release|Any CPU.Build.0 = Release|Any CPU
		{F2D3872F-2D20-4D67-84B6-735DB0037773}.Release|x64.ActiveCfg = Release|Any CPU
		{F2D3872F-2D20-4D67-84B6-735DB0037773}.Release|x64.Build.0 = Release|Any CPU
		{F2D3872F-2D20-4D67-84B6-735DB0037773}.Release|x86.ActiveCfg = Release|Any CPU
		{F2D3872F-2D20-4D67-84B6-735DB0037773}.Release|x86.Build.0 = Release|Any CPU
		{268E681C-B5D9-43B4-93C1-2A802FEE898D}.Debug|Any CPU.ActiveCfg = Debug|Any CPU
		{268E681C-B5D9-43B4-93C1-2A802FEE898D}.Debug|Any CPU.Build.0 = Debug|Any CPU
		{268E681C-B5D9-43B4-93C1-2A802FEE898D}.Debug|x64.ActiveCfg = Debug|Any CPU
		{268E681C-B5D9-43B4-93C1-2A802FEE898D}.Debug|x64.Build.0 = Debug|Any CPU
		{268E681C-B5D9-43B4-93C1-2A802FEE898D}.Debug|x86.ActiveCfg = Debug|Any CPU
		{268E681C-B5D9-43B4-93C1-2A802FEE898D}.Debug|x86.Build.0 = Debug|Any CPU
		{268E681C-B5D9-43B4-93C1-2A802FEE898D}.Release|Any CPU.ActiveCfg = Release|Any CPU
		{268E681C-B5D9-43B4-93C1-2A802FEE898D}.Release|Any CPU.Build.0 = Release|Any CPU
		{268E681C-B5D9-43B4-93C1-2A802FEE898D}.Release|x64.ActiveCfg = Release|Any CPU
		{268E681C-B5D9-43B4-93C1-2A802FEE898D}.Release|x64.Build.0 = Release|Any CPU
		{268E681C-B5D9-43B4-93C1-2A802FEE898D}.Release|x86.ActiveCfg = Release|Any CPU
		{268E681C-B5D9-43B4-93C1-2A802FEE898D}.Release|x86.Build.0 = Release|Any CPU
		{27705377-698D-4E08-80C4-754ABCD2BE2F}.Debug|Any CPU.ActiveCfg = Debug|Any CPU
		{27705377-698D-4E08-80C4-754ABCD2BE2F}.Debug|Any CPU.Build.0 = Debug|Any CPU
		{27705377-698D-4E08-80C4-754ABCD2BE2F}.Debug|x64.ActiveCfg = Debug|Any CPU
		{27705377-698D-4E08-80C4-754ABCD2BE2F}.Debug|x64.Build.0 = Debug|Any CPU
		{27705377-698D-4E08-80C4-754ABCD2BE2F}.Debug|x86.ActiveCfg = Debug|Any CPU
		{27705377-698D-4E08-80C4-754ABCD2BE2F}.Debug|x86.Build.0 = Debug|Any CPU
		{27705377-698D-4E08-80C4-754ABCD2BE2F}.Release|Any CPU.ActiveCfg = Release|Any CPU
		{27705377-698D-4E08-80C4-754ABCD2BE2F}.Release|Any CPU.Build.0 = Release|Any CPU
		{27705377-698D-4E08-80C4-754ABCD2BE2F}.Release|x64.ActiveCfg = Release|Any CPU
		{27705377-698D-4E08-80C4-754ABCD2BE2F}.Release|x64.Build.0 = Release|Any CPU
		{27705377-698D-4E08-80C4-754ABCD2BE2F}.Release|x86.ActiveCfg = Release|Any CPU
		{27705377-698D-4E08-80C4-754ABCD2BE2F}.Release|x86.Build.0 = Release|Any CPU
		{84489B50-75E3-4C4E-A99A-51CBC1807A77}.Debug|Any CPU.ActiveCfg = Debug|Any CPU
		{84489B50-75E3-4C4E-A99A-51CBC1807A77}.Debug|Any CPU.Build.0 = Debug|Any CPU
		{84489B50-75E3-4C4E-A99A-51CBC1807A77}.Debug|x64.ActiveCfg = Debug|Any CPU
		{84489B50-75E3-4C4E-A99A-51CBC1807A77}.Debug|x64.Build.0 = Debug|Any CPU
		{84489B50-75E3-4C4E-A99A-51CBC1807A77}.Debug|x86.ActiveCfg = Debug|Any CPU
		{84489B50-75E3-4C4E-A99A-51CBC1807A77}.Debug|x86.Build.0 = Debug|Any CPU
		{84489B50-75E3-4C4E-A99A-51CBC1807A77}.Release|Any CPU.ActiveCfg = Release|Any CPU
		{84489B50-75E3-4C4E-A99A-51CBC1807A77}.Release|Any CPU.Build.0 = Release|Any CPU
		{84489B50-75E3-4C4E-A99A-51CBC1807A77}.Release|x64.ActiveCfg = Release|Any CPU
		{84489B50-75E3-4C4E-A99A-51CBC1807A77}.Release|x64.Build.0 = Release|Any CPU
		{84489B50-75E3-4C4E-A99A-51CBC1807A77}.Release|x86.ActiveCfg = Release|Any CPU
		{84489B50-75E3-4C4E-A99A-51CBC1807A77}.Release|x86.Build.0 = Release|Any CPU
		{7E48CC3C-C271-4CA3-945E-6E2EFBC5689A}.Debug|Any CPU.ActiveCfg = Debug|Any CPU
		{7E48CC3C-C271-4CA3-945E-6E2EFBC5689A}.Debug|Any CPU.Build.0 = Debug|Any CPU
		{7E48CC3C-C271-4CA3-945E-6E2EFBC5689A}.Debug|x64.ActiveCfg = Debug|Any CPU
		{7E48CC3C-C271-4CA3-945E-6E2EFBC5689A}.Debug|x64.Build.0 = Debug|Any CPU
		{7E48CC3C-C271-4CA3-945E-6E2EFBC5689A}.Debug|x86.ActiveCfg = Debug|Any CPU
		{7E48CC3C-C271-4CA3-945E-6E2EFBC5689A}.Debug|x86.Build.0 = Debug|Any CPU
		{7E48CC3C-C271-4CA3-945E-6E2EFBC5689A}.Release|Any CPU.ActiveCfg = Release|Any CPU
		{7E48CC3C-C271-4CA3-945E-6E2EFBC5689A}.Release|Any CPU.Build.0 = Release|Any CPU
		{7E48CC3C-C271-4CA3-945E-6E2EFBC5689A}.Release|x64.ActiveCfg = Release|Any CPU
		{7E48CC3C-C271-4CA3-945E-6E2EFBC5689A}.Release|x64.Build.0 = Release|Any CPU
		{7E48CC3C-C271-4CA3-945E-6E2EFBC5689A}.Release|x86.ActiveCfg = Release|Any CPU
		{7E48CC3C-C271-4CA3-945E-6E2EFBC5689A}.Release|x86.Build.0 = Release|Any CPU
		{3298432A-331F-4CE1-AB22-DF7578BFC32B}.Debug|Any CPU.ActiveCfg = Debug|Any CPU
		{3298432A-331F-4CE1-AB22-DF7578BFC32B}.Debug|Any CPU.Build.0 = Debug|Any CPU
		{3298432A-331F-4CE1-AB22-DF7578BFC32B}.Debug|x64.ActiveCfg = Debug|Any CPU
		{3298432A-331F-4CE1-AB22-DF7578BFC32B}.Debug|x64.Build.0 = Debug|Any CPU
		{3298432A-331F-4CE1-AB22-DF7578BFC32B}.Debug|x86.ActiveCfg = Debug|Any CPU
		{3298432A-331F-4CE1-AB22-DF7578BFC32B}.Debug|x86.Build.0 = Debug|Any CPU
		{3298432A-331F-4CE1-AB22-DF7578BFC32B}.Release|Any CPU.ActiveCfg = Release|Any CPU
		{3298432A-331F-4CE1-AB22-DF7578BFC32B}.Release|Any CPU.Build.0 = Release|Any CPU
		{3298432A-331F-4CE1-AB22-DF7578BFC32B}.Release|x64.ActiveCfg = Release|Any CPU
		{3298432A-331F-4CE1-AB22-DF7578BFC32B}.Release|x64.Build.0 = Release|Any CPU
		{3298432A-331F-4CE1-AB22-DF7578BFC32B}.Release|x86.ActiveCfg = Release|Any CPU
		{3298432A-331F-4CE1-AB22-DF7578BFC32B}.Release|x86.Build.0 = Release|Any CPU
		{27712A5C-4179-4C6F-881A-1511791E67F1}.Debug|Any CPU.ActiveCfg = Debug|Any CPU
		{27712A5C-4179-4C6F-881A-1511791E67F1}.Debug|Any CPU.Build.0 = Debug|Any CPU
		{27712A5C-4179-4C6F-881A-1511791E67F1}.Debug|x64.ActiveCfg = Debug|Any CPU
		{27712A5C-4179-4C6F-881A-1511791E67F1}.Debug|x64.Build.0 = Debug|Any CPU
		{27712A5C-4179-4C6F-881A-1511791E67F1}.Debug|x86.ActiveCfg = Debug|Any CPU
		{27712A5C-4179-4C6F-881A-1511791E67F1}.Debug|x86.Build.0 = Debug|Any CPU
		{27712A5C-4179-4C6F-881A-1511791E67F1}.Release|Any CPU.ActiveCfg = Release|Any CPU
		{27712A5C-4179-4C6F-881A-1511791E67F1}.Release|Any CPU.Build.0 = Release|Any CPU
		{27712A5C-4179-4C6F-881A-1511791E67F1}.Release|x64.ActiveCfg = Release|Any CPU
		{27712A5C-4179-4C6F-881A-1511791E67F1}.Release|x64.Build.0 = Release|Any CPU
		{27712A5C-4179-4C6F-881A-1511791E67F1}.Release|x86.ActiveCfg = Release|Any CPU
		{27712A5C-4179-4C6F-881A-1511791E67F1}.Release|x86.Build.0 = Release|Any CPU
		{6298F238-FECC-4053-9279-FA5241A20826}.Debug|Any CPU.ActiveCfg = Debug|Any CPU
		{6298F238-FECC-4053-9279-FA5241A20826}.Debug|Any CPU.Build.0 = Debug|Any CPU
		{6298F238-FECC-4053-9279-FA5241A20826}.Debug|x64.ActiveCfg = Debug|Any CPU
		{6298F238-FECC-4053-9279-FA5241A20826}.Debug|x64.Build.0 = Debug|Any CPU
		{6298F238-FECC-4053-9279-FA5241A20826}.Debug|x86.ActiveCfg = Debug|Any CPU
		{6298F238-FECC-4053-9279-FA5241A20826}.Debug|x86.Build.0 = Debug|Any CPU
		{6298F238-FECC-4053-9279-FA5241A20826}.Release|Any CPU.ActiveCfg = Release|Any CPU
		{6298F238-FECC-4053-9279-FA5241A20826}.Release|Any CPU.Build.0 = Release|Any CPU
		{6298F238-FECC-4053-9279-FA5241A20826}.Release|x64.ActiveCfg = Release|Any CPU
		{6298F238-FECC-4053-9279-FA5241A20826}.Release|x64.Build.0 = Release|Any CPU
		{6298F238-FECC-4053-9279-FA5241A20826}.Release|x86.ActiveCfg = Release|Any CPU
		{6298F238-FECC-4053-9279-FA5241A20826}.Release|x86.Build.0 = Release|Any CPU
		{12A32AB7-9FA8-4EA7-A726-DB6312861736}.Debug|Any CPU.ActiveCfg = Debug|Any CPU
		{12A32AB7-9FA8-4EA7-A726-DB6312861736}.Debug|Any CPU.Build.0 = Debug|Any CPU
		{12A32AB7-9FA8-4EA7-A726-DB6312861736}.Debug|x64.ActiveCfg = Debug|Any CPU
		{12A32AB7-9FA8-4EA7-A726-DB6312861736}.Debug|x64.Build.0 = Debug|Any CPU
		{12A32AB7-9FA8-4EA7-A726-DB6312861736}.Debug|x86.ActiveCfg = Debug|Any CPU
		{12A32AB7-9FA8-4EA7-A726-DB6312861736}.Debug|x86.Build.0 = Debug|Any CPU
		{12A32AB7-9FA8-4EA7-A726-DB6312861736}.Release|Any CPU.ActiveCfg = Release|Any CPU
		{12A32AB7-9FA8-4EA7-A726-DB6312861736}.Release|Any CPU.Build.0 = Release|Any CPU
		{12A32AB7-9FA8-4EA7-A726-DB6312861736}.Release|x64.ActiveCfg = Release|Any CPU
		{12A32AB7-9FA8-4EA7-A726-DB6312861736}.Release|x64.Build.0 = Release|Any CPU
		{12A32AB7-9FA8-4EA7-A726-DB6312861736}.Release|x86.ActiveCfg = Release|Any CPU
		{12A32AB7-9FA8-4EA7-A726-DB6312861736}.Release|x86.Build.0 = Release|Any CPU
		{7A5198CA-FC18-4219-B207-5A099F9E6797}.Debug|Any CPU.ActiveCfg = Debug|Any CPU
		{7A5198CA-FC18-4219-B207-5A099F9E6797}.Debug|Any CPU.Build.0 = Debug|Any CPU
		{7A5198CA-FC18-4219-B207-5A099F9E6797}.Debug|x64.ActiveCfg = Debug|Any CPU
		{7A5198CA-FC18-4219-B207-5A099F9E6797}.Debug|x64.Build.0 = Debug|Any CPU
		{7A5198CA-FC18-4219-B207-5A099F9E6797}.Debug|x86.ActiveCfg = Debug|Any CPU
		{7A5198CA-FC18-4219-B207-5A099F9E6797}.Debug|x86.Build.0 = Debug|Any CPU
		{7A5198CA-FC18-4219-B207-5A099F9E6797}.Release|Any CPU.ActiveCfg = Release|Any CPU
		{7A5198CA-FC18-4219-B207-5A099F9E6797}.Release|Any CPU.Build.0 = Release|Any CPU
		{7A5198CA-FC18-4219-B207-5A099F9E6797}.Release|x64.ActiveCfg = Release|Any CPU
		{7A5198CA-FC18-4219-B207-5A099F9E6797}.Release|x64.Build.0 = Release|Any CPU
		{7A5198CA-FC18-4219-B207-5A099F9E6797}.Release|x86.ActiveCfg = Release|Any CPU
		{7A5198CA-FC18-4219-B207-5A099F9E6797}.Release|x86.Build.0 = Release|Any CPU
		{3567C535-638F-4874-97D0-A9A126FC0A3C}.Debug|Any CPU.ActiveCfg = Debug|Any CPU
		{3567C535-638F-4874-97D0-A9A126FC0A3C}.Debug|Any CPU.Build.0 = Debug|Any CPU
		{3567C535-638F-4874-97D0-A9A126FC0A3C}.Debug|x64.ActiveCfg = Debug|Any CPU
		{3567C535-638F-4874-97D0-A9A126FC0A3C}.Debug|x64.Build.0 = Debug|Any CPU
		{3567C535-638F-4874-97D0-A9A126FC0A3C}.Debug|x86.ActiveCfg = Debug|Any CPU
		{3567C535-638F-4874-97D0-A9A126FC0A3C}.Debug|x86.Build.0 = Debug|Any CPU
		{3567C535-638F-4874-97D0-A9A126FC0A3C}.Release|Any CPU.ActiveCfg = Release|Any CPU
		{3567C535-638F-4874-97D0-A9A126FC0A3C}.Release|Any CPU.Build.0 = Release|Any CPU
		{3567C535-638F-4874-97D0-A9A126FC0A3C}.Release|x64.ActiveCfg = Release|Any CPU
		{3567C535-638F-4874-97D0-A9A126FC0A3C}.Release|x64.Build.0 = Release|Any CPU
		{3567C535-638F-4874-97D0-A9A126FC0A3C}.Release|x86.ActiveCfg = Release|Any CPU
		{3567C535-638F-4874-97D0-A9A126FC0A3C}.Release|x86.Build.0 = Release|Any CPU
		{E174EFAF-DB67-45F0-8C5A-3FF539E26574}.Debug|Any CPU.ActiveCfg = Debug|Any CPU
		{E174EFAF-DB67-45F0-8C5A-3FF539E26574}.Debug|Any CPU.Build.0 = Debug|Any CPU
		{E174EFAF-DB67-45F0-8C5A-3FF539E26574}.Debug|x64.ActiveCfg = Debug|Any CPU
		{E174EFAF-DB67-45F0-8C5A-3FF539E26574}.Debug|x64.Build.0 = Debug|Any CPU
		{E174EFAF-DB67-45F0-8C5A-3FF539E26574}.Debug|x86.ActiveCfg = Debug|Any CPU
		{E174EFAF-DB67-45F0-8C5A-3FF539E26574}.Debug|x86.Build.0 = Debug|Any CPU
		{E174EFAF-DB67-45F0-8C5A-3FF539E26574}.Release|Any CPU.ActiveCfg = Release|Any CPU
		{E174EFAF-DB67-45F0-8C5A-3FF539E26574}.Release|Any CPU.Build.0 = Release|Any CPU
		{E174EFAF-DB67-45F0-8C5A-3FF539E26574}.Release|x64.ActiveCfg = Release|Any CPU
		{E174EFAF-DB67-45F0-8C5A-3FF539E26574}.Release|x64.Build.0 = Release|Any CPU
		{E174EFAF-DB67-45F0-8C5A-3FF539E26574}.Release|x86.ActiveCfg = Release|Any CPU
		{E174EFAF-DB67-45F0-8C5A-3FF539E26574}.Release|x86.Build.0 = Release|Any CPU
		{D5A148E8-AB74-DD01-6A6A-00217804AE18}.Debug|Any CPU.ActiveCfg = Debug|Any CPU
		{D5A148E8-AB74-DD01-6A6A-00217804AE18}.Debug|Any CPU.Build.0 = Debug|Any CPU
		{D5A148E8-AB74-DD01-6A6A-00217804AE18}.Debug|x64.ActiveCfg = Debug|Any CPU
		{D5A148E8-AB74-DD01-6A6A-00217804AE18}.Debug|x64.Build.0 = Debug|Any CPU
		{D5A148E8-AB74-DD01-6A6A-00217804AE18}.Debug|x86.ActiveCfg = Debug|Any CPU
		{D5A148E8-AB74-DD01-6A6A-00217804AE18}.Debug|x86.Build.0 = Debug|Any CPU
		{D5A148E8-AB74-DD01-6A6A-00217804AE18}.Release|Any CPU.ActiveCfg = Release|Any CPU
		{D5A148E8-AB74-DD01-6A6A-00217804AE18}.Release|Any CPU.Build.0 = Release|Any CPU
		{D5A148E8-AB74-DD01-6A6A-00217804AE18}.Release|x64.ActiveCfg = Release|Any CPU
		{D5A148E8-AB74-DD01-6A6A-00217804AE18}.Release|x64.Build.0 = Release|Any CPU
		{D5A148E8-AB74-DD01-6A6A-00217804AE18}.Release|x86.ActiveCfg = Release|Any CPU
		{D5A148E8-AB74-DD01-6A6A-00217804AE18}.Release|x86.Build.0 = Release|Any CPU
		{B9844506-D26B-C65D-C537-9B9F6C9F9CC4}.Debug|Any CPU.ActiveCfg = Debug|Any CPU
		{B9844506-D26B-C65D-C537-9B9F6C9F9CC4}.Debug|Any CPU.Build.0 = Debug|Any CPU
		{B9844506-D26B-C65D-C537-9B9F6C9F9CC4}.Debug|x64.ActiveCfg = Debug|Any CPU
		{B9844506-D26B-C65D-C537-9B9F6C9F9CC4}.Debug|x64.Build.0 = Debug|Any CPU
		{B9844506-D26B-C65D-C537-9B9F6C9F9CC4}.Debug|x86.ActiveCfg = Debug|Any CPU
		{B9844506-D26B-C65D-C537-9B9F6C9F9CC4}.Debug|x86.Build.0 = Debug|Any CPU
		{B9844506-D26B-C65D-C537-9B9F6C9F9CC4}.Release|Any CPU.ActiveCfg = Release|Any CPU
		{B9844506-D26B-C65D-C537-9B9F6C9F9CC4}.Release|Any CPU.Build.0 = Release|Any CPU
		{B9844506-D26B-C65D-C537-9B9F6C9F9CC4}.Release|x64.ActiveCfg = Release|Any CPU
		{B9844506-D26B-C65D-C537-9B9F6C9F9CC4}.Release|x64.Build.0 = Release|Any CPU
		{B9844506-D26B-C65D-C537-9B9F6C9F9CC4}.Release|x86.ActiveCfg = Release|Any CPU
		{B9844506-D26B-C65D-C537-9B9F6C9F9CC4}.Release|x86.Build.0 = Release|Any CPU
		{C1587AA7-5DC6-FFBB-3BD5-5D09FAE1C446}.Debug|Any CPU.ActiveCfg = Debug|Any CPU
		{C1587AA7-5DC6-FFBB-3BD5-5D09FAE1C446}.Debug|Any CPU.Build.0 = Debug|Any CPU
		{C1587AA7-5DC6-FFBB-3BD5-5D09FAE1C446}.Debug|x64.ActiveCfg = Debug|Any CPU
		{C1587AA7-5DC6-FFBB-3BD5-5D09FAE1C446}.Debug|x64.Build.0 = Debug|Any CPU
		{C1587AA7-5DC6-FFBB-3BD5-5D09FAE1C446}.Debug|x86.ActiveCfg = Debug|Any CPU
		{C1587AA7-5DC6-FFBB-3BD5-5D09FAE1C446}.Debug|x86.Build.0 = Debug|Any CPU
		{C1587AA7-5DC6-FFBB-3BD5-5D09FAE1C446}.Release|Any CPU.ActiveCfg = Release|Any CPU
		{C1587AA7-5DC6-FFBB-3BD5-5D09FAE1C446}.Release|Any CPU.Build.0 = Release|Any CPU
		{C1587AA7-5DC6-FFBB-3BD5-5D09FAE1C446}.Release|x64.ActiveCfg = Release|Any CPU
		{C1587AA7-5DC6-FFBB-3BD5-5D09FAE1C446}.Release|x64.Build.0 = Release|Any CPU
		{C1587AA7-5DC6-FFBB-3BD5-5D09FAE1C446}.Release|x86.ActiveCfg = Release|Any CPU
		{C1587AA7-5DC6-FFBB-3BD5-5D09FAE1C446}.Release|x86.Build.0 = Release|Any CPU
	EndGlobalSection
	GlobalSection(SolutionProperties) = preSolution
		HideSolutionNode = FALSE
	EndGlobalSection
	GlobalSection(NestedProjects) = preSolution
		{50855FCA-7A55-4D5E-A944-7E71B8BE9039} = {827E0CD3-B72D-47B6-A68D-7590B98EB39B}
		{F2D3872F-2D20-4D67-84B6-735DB0037773} = {827E0CD3-B72D-47B6-A68D-7590B98EB39B}
		{268E681C-B5D9-43B4-93C1-2A802FEE898D} = {827E0CD3-B72D-47B6-A68D-7590B98EB39B}
		{27705377-698D-4E08-80C4-754ABCD2BE2F} = {827E0CD3-B72D-47B6-A68D-7590B98EB39B}
		{84489B50-75E3-4C4E-A99A-51CBC1807A77} = {827E0CD3-B72D-47B6-A68D-7590B98EB39B}
		{7E48CC3C-C271-4CA3-945E-6E2EFBC5689A} = {827E0CD3-B72D-47B6-A68D-7590B98EB39B}
		{31F9BEC0-E840-4804-B081-10DF922839EA} = {827E0CD3-B72D-47B6-A68D-7590B98EB39B}
		{3298432A-331F-4CE1-AB22-DF7578BFC32B} = {31F9BEC0-E840-4804-B081-10DF922839EA}
		{27712A5C-4179-4C6F-881A-1511791E67F1} = {31F9BEC0-E840-4804-B081-10DF922839EA}
		{6298F238-FECC-4053-9279-FA5241A20826} = {31F9BEC0-E840-4804-B081-10DF922839EA}
		{12A32AB7-9FA8-4EA7-A726-DB6312861736} = {31F9BEC0-E840-4804-B081-10DF922839EA}
		{7A5198CA-FC18-4219-B207-5A099F9E6797} = {31F9BEC0-E840-4804-B081-10DF922839EA}
		{02EA681E-C7D8-13C7-8484-4AC65E1B71E8} = {827E0CD3-B72D-47B6-A68D-7590B98EB39B}
		{3567C535-638F-4874-97D0-A9A126FC0A3C} = {02EA681E-C7D8-13C7-8484-4AC65E1B71E8}
		{E174EFAF-DB67-45F0-8C5A-3FF539E26574} = {02EA681E-C7D8-13C7-8484-4AC65E1B71E8}
		{D5A148E8-AB74-DD01-6A6A-00217804AE18} = {02EA681E-C7D8-13C7-8484-4AC65E1B71E8}
		{B9844506-D26B-C65D-C537-9B9F6C9F9CC4} = {02EA681E-C7D8-13C7-8484-4AC65E1B71E8}
		{C1587AA7-5DC6-FFBB-3BD5-5D09FAE1C446} = {02EA681E-C7D8-13C7-8484-4AC65E1B71E8}
	EndGlobalSection
	GlobalSection(ExtensibilityGlobals) = postSolution
		SolutionGuid = {0DA73E8C-EC3E-4359-9A48-560D9128CB3F}
	EndGlobalSection
EndGlobal
